{
  "requires": true,
  "lockfileVersion": 1,
  "dependencies": {
    "react-step-wizard": {
      "version": "5.3.5",
      "resolved": "https://registry.npmjs.org/react-step-wizard/-/react-step-wizard-5.3.5.tgz",
      "integrity": "sha512-43xbYuovqGKIJ/bNBVDHWNpxYYJvgS0nNUlPTc170xwxXxiQOw9DytvljIJiXShZ3NHhlx+KMshj8w1GWgphFw=="
    }
  }
}
